
Microsoft Visual Studio Solution File, Format Version 10.00
# Visual Studio 2008
Project("{FAE04EC0-301F-11D3-BF4B-00C04F79EFBC}") = "AIMLbot", "AIMLbot\AIMLbot.csproj", "{9C87D82C-0E27-4995-A2CB-72BCB84EF2E2}"
EndProject
Project("{FAE04EC0-301F-11D3-BF4B-00C04F79EFBC}") = "ConsoleBot", "ConsoleBot\ConsoleBot.csproj", "{13FF7525-E05D-4C82-AB3A-B62D83D0BC1E}"
EndProject
Project("{FAE04EC0-301F-11D3-BF4B-00C04F79EFBC}") = "ConsoleApplication1", "ConsoleApplication1\ConsoleApplication1.csproj", "{22697572-F695-42B9-958A-D5D773329C86}"
EndProject
Global
	GlobalSection(SolutionConfigurationPlatforms) = preSolution
		Debug|Any CPU = Debug|Any CPU
		Release|Any CPU = Release|Any CPU
	EndGlobalSection
	GlobalSection(ProjectConfigurationPlatforms) = postSolution
		{9C87D82C-0E27-4995-A2CB-72BCB84EF2E2}.Debug|Any CPU.ActiveCfg = Debug|Any CPU
		{9C87D82C-0E27-4995-A2CB-72BCB84EF2E2}.Debug|Any CPU.Build.0 = Debug|Any CPU
		{9C87D82C-0E27-4995-A2CB-72BCB84EF2E2}.Release|Any CPU.ActiveCfg = Release|Any CPU
		{9C87D82C-0E27-4995-A2CB-72BCB84EF2E2}.Release|Any CPU.Build.0 = Release|Any CPU
		{13FF7525-E05D-4C82-AB3A-B62D83D0BC1E}.Debug|Any CPU.ActiveCfg = Debug|Any CPU
		{13FF7525-E05D-4C82-AB3A-B62D83D0BC1E}.Debug|Any CPU.Build.0 = Debug|Any CPU
		{13FF7525-E05D-4C82-AB3A-B62D83D0BC1E}.Release|Any CPU.ActiveCfg = Release|Any CPU
		{13FF7525-E05D-4C82-AB3A-B62D83D0BC1E}.Release|Any CPU.Build.0 = Release|Any CPU
		{22697572-F695-42B9-958A-D5D773329C86}.Debug|Any CPU.ActiveCfg = Debug|Any CPU
		{22697572-F695-42B9-958A-D5D773329C86}.Debug|Any CPU.Build.0 = Debug|Any CPU
		{22697572-F695-42B9-958A-D5D773329C86}.Release|Any CPU.ActiveCfg = Release|Any CPU
		{22697572-F695-42B9-958A-D5D773329C86}.Release|Any CPU.Build.0 = Release|Any CPU
	EndGlobalSection
	GlobalSection(SolutionProperties) = preSolution
		HideSolutionNode = FALSE
	EndGlobalSection
EndGlobal
